# This file is automatically @generated by Cargo.
# It is not intended for manual editing.
version = 4

[[package]]
name = "gg"
version = "0.7.0"
dependencies = [
 "wit-bindgen",
]

[[package]]
name = "wit-bindgen"
version = "0.60.0"
source = "registry+https://github.com/rust-lang/crates.io-index"
checksum = "a301904d6657d6364c758d869e5389d05d393b16d5b65db60b4f03cbe71bb80d"
